
Microsoft Visual Studio Solution File, Format Version 12.00
# Visual Studio Version 17
VisualStudioVersion = 17.8.34525.116
MinimumVisualStudioVersion = 10.0.40219.1
Project("{FAE04EC0-301F-11D3-BF4B-00C04F79EFBC}") = "LibraryMangmentSytemWPF", "LibraryMangmentSytemWPF\LibraryMangmentSytemWPF.csproj", "{21A6B4C5-19EF-4F75-8B9C-3DF1E2EB8AE0}"
EndProject
Global
	GlobalSection(SolutionConfigurationPlatforms) = preSolution
		Debug|Any CPU = Debug|Any CPU
		Release|Any CPU = Release|Any CPU
	EndGlobalSection
	GlobalSection(ProjectConfigurationPlatforms) = postSolution
		{21A6B4C5-19EF-4F75-8B9C-3DF1E2EB8AE0}.Debug|Any CPU.ActiveCfg = Debug|Any CPU
		{21A6B4C5-19EF-4F75-8B9C-3DF1E2EB8AE0}.Debug|Any CPU.Build.0 = Debug|Any CPU
		{21A6B4C5-19EF-4F75-8B9C-3DF1E2EB8AE0}.Release|Any CPU.ActiveCfg = Release|Any CPU
		{21A6B4C5-19EF-4F75-8B9C-3DF1E2EB8AE0}.Release|Any CPU.Build.0 = Release|Any CPU
	EndGlobalSection
	GlobalSection(SolutionProperties) = preSolution
		HideSolutionNode = FALSE
	EndGlobalSection
	GlobalSection(ExtensibilityGlobals) = postSolution
		SolutionGuid = {B413BCAF-905B-4409-AAD0-0B73CA10770A}
	EndGlobalSection
EndGlobal
